// !$*UTF8*$!
{
	archiveVersion = 1;
	classes = {
	};
	objectVersion = 46;
	objects = {

/* Begin PBXBuildFile section */
		2A879BC11F1D48D0000468D1 /* AppDelegate.swift in Sources */ = {isa = PBXBuildFile; fileRef = 2A879BC01F1D48D0000468D1 /* AppDelegate.swift */; };
		2A879BC31F1D48D0000468D1 /* ViewController.swift in Sources */ = {isa = PBXBuildFile; fileRef = 2A879BC21F1D48D0000468D1 /* ViewController.swift */; };
		2A879BC61F1D48D0000468D1 /* Main.storyboard in Resources */ = {isa = PBXBuildFile; fileRef = 2A879BC41F1D48D0000468D1 /* Main.storyboard */; };
		2A879BC81F1D48D0000468D1 /* Assets.xcassets in Resources */ = {isa = PBXBuildFile; fileRef = 2A879BC71F1D48D0000468D1 /* Assets.xcassets */; };
		2A879BCB1F1D48D0000468D1 /* LaunchScreen.storyboard in Resources */ = {isa = PBXBuildFile; fileRef = 2A879BC91F1D48D0000468D1 /* LaunchScreen.storyboard */; };
/* End PBXBuildFile section */

/* Begin PBXFileReference section */
		2A879BBD1F1D48D0000468D1 /* SoccerSquad.app */ = {isa = PBXFileReference; explicitFileType = wrapper.application; includeInIndex = 0; path = SoccerSquad.app; sourceTree = BUILT_PRODUCTS_DIR; };
		2A879BC01F1D48D0000468D1 /* AppDelegate.swift */ = {isa = PBXFileReference; lastKnownFileType = sourcecode.swift; path = AppDelegate.swift; sourceTree = "<group>"; };
		2A879BC21F1D48D0000468D1 /* ViewController.swift */ = {isa = PBXFileReference; lastKnownFileType = sourcecode.swift; path = ViewController.swift; sourceTree = "<group>"; };
		2A879BC51F1D48D0000468D1 /* Base */ = {isa = PBXFileReference; lastKnownFileType = file.storyboard; name = Base; path = Base.lproj/Main.storyboard; sourceTree = "<group>"; };
		2A879BC71F1D48D0000468D1 /* Assets.xcassets */ = {isa = PBXFileReference; lastKnownFileType = folder.assetcatalog; path = Assets.xcassets; sourceTree = "<group>"; };
		2A879BCA1F1D48D0000468D1 /* Base */ = {isa = PBXFileReference; lastKnownFileType = file.storyboard; name = Base; path = Base.lproj/LaunchScreen.storyboard; sourceTree = "<group>"; };
		2A879BCC1F1D48D0000468D1 /* Info.plist */ = {isa = PBXFileReference; lastKnownFileType = text.plist.xml; path = Info.plist; sourceTree = "<group>"; };
/* End PBXFileReference section */

/* Begin PBXFrameworksBuildPhase section */
		2A879BBA1F1D48D0000468D1 /* Frameworks */ = {
			isa = PBXFrameworksBuildPhase;
			buildActionMask = 2147483647;
			files = (
			);
			runOnlyForDeploymentPostprocessing = 0;
		};
/* End PBXFrameworksBuildPhase section */

/* Begin PBXGroup section */
		2A879BB41F1D48D0000468D1 = {
			isa = PBXGroup;
			children = (
				2A879BBF1F1D48D0000468D1 /* SoccerSquad */,
				2A879BBE1F1D48D0000468D1 /* Products */,
			);
			sourceTree = "<group>";
		};
		2A879BBE1F1D48D0000468D1 /* Products */ = {
			isa = PBXGroup;
			children = (
				2A879BBD1F1D48D0000468D1 /* SoccerSquad.app */,
			);
			name = Products;
			sourceTree = "<group>";
		};
		2A879BBF1F1D48D0000468D1 /* SoccerSquad */ = {
			isa = PBXGroup;
			children = (
				2A879BC01F1D48D0000468D1 /* AppDelegate.swift */,
				2A879BC21F1D48D0000468D1 /* ViewController.swift */,
				2A879BC41F1D48D0000468D1 /* Main.storyboard */,
				2A879BC71F1D48D0000468D1 /* Assets.xcassets */,
				2A879BC91F1D48D0000468D1 /* LaunchScreen.storyboard */,
				2A879BCC1F1D48D0000468D1 /* Info.plist */,
			);
			path = SoccerSquad;
			sourceTree = "<group>";
		};
/* End PBXGroup section */

/* Begin PBXNativeTarget section */
		2A879BBC1F1D48D0000468D1 /* SoccerSquad */ = {
			isa = PBXNativeTarget;
			buildConfigurationList = 2A879BCF1F1D48D0000468D1 /* Build configuration list for PBXNativeTarget "SoccerSquad" */;
			buildPhases = (
				2A879BB91F1D48D0000468D1 /* Sources */,
				2A879BBA1F1D48D0000468D1 /* Frameworks */,
				2A879BBB1F1D48D0000468D1 /* Resources */,
			);
			buildRules = (
			);
			dependencies = (
			);
			name = SoccerSquad;
			productName = SoccerSquad;
			productReference = 2A879BBD1F1D48D0000468D1 /* SoccerSquad.app */;
			productType = "com.apple.product-type.application";
		};
/* End PBXNativeTarget section */

/* Begin PBXProject section */
		2A879BB51F1D48D0000468D1 /* Project object */ = {
			isa = PBXProject;
			attributes = {
				LastSwiftUpdateCheck = 0730;
				LastUpgradeCheck = 0730;
				ORGANIZATIONNAME = Project;
				TargetAttributes = {
					2A879BBC1F1D48D0000468D1 = {
						CreatedOnToolsVersion = 7.3.1;
					};
				};
			};
			buildConfigurationList = 2A879BB81F1D48D0000468D1 /* Build configuration list for PBXProject "SoccerSquad" */;
			compatibilityVersion = "Xcode 3.2";
			developmentRegion = English;
			hasScannedForEncodings = 0;
			knownRegions = (
				en,
				Base,
			);
			mainGroup = 2A879BB41F1D48D0000468D1;
			productRefGroup = 2A879BBE1F1D48D0000468D1 /* Products */;
			projectDirPath = "";
			projectRoot = "";
			targets = (
				2A879BBC1F1D48D0000468D1 /* SoccerSquad */,
			);
		};
/* End PBXProject section */

/* Begin PBXResourcesBuildPhase section */
		2A879BBB1F1D48D0000468D1 /* Resources */ = {
			isa = PBXResourcesBuildPhase;
			buildActionMask = 2147483647;
			files = (
				2A879BCB1F1D48D0000468D1 /* LaunchScreen.storyboard in Resources */,
				2A879BC81F1D48D0000468D1 /* Assets.xcassets in Resources */,
				2A879BC61F1D48D0000468D1 /* Main.storyboard in Resources */,
			);
			runOnlyForDeploymentPostprocessing = 0;
		};
/* End PBXResourcesBuildPhase section */

/* Begin PBXSourcesBuildPhase section */
		2A879BB91F1D48D0000468D1 /* Sources */ = {
			isa = PBXSourcesBuildPhase;
			buildActionMask = 2147483647;
			files = (
				2A879BC31F1D48D0000468D1 /* ViewController.swift in Sources */,
				2A879BC11F1D48D0000468D1 /* AppDelegate.swift in Sources */,
			);
			runOnlyForDeploymentPostprocessing = 0;
		};
/* End PBXSourcesBuildPhase section */

/* Begin PBXVariantGroup section */
		2A879BC41F1D48D0000468D1 /* Main.storyboard */ = {
			isa = PBXVariantGroup;
			children = (
				2A879BC51F1D48D0000468D1 /* Base */,
			);
			name = Main.storyboard;
			sourceTree = "<group>";
		};
		2A879BC91F1D48D0000468D1 /* LaunchScreen.storyboard */ = {
			isa = PBXVariantGroup;
			children = (
				2A879BCA1F1D48D0000468D1 /* Base */,
			);
			name = LaunchScreen.storyboard;
			sourceTree = "<group>";
		};
/* End PBXVariantGroup section */

/* Begin XCBuildConfiguration section */
		2A879BCD1F1D48D0000468D1 /* Debug */ = {
			isa = XCBuildConfiguration;
			buildSettings = {
				ALWAYS_SEARCH_USER_PATHS = NO;
				CLANG_ANALYZER_NONNULL = YES;
				CLANG_CXX_LANGUAGE_STANDARD = "gnu++0x";
				CLANG_CXX_LIBRARY = "libc++";
				CLANG_ENABLE_MODULES = YES;
				CLANG_ENABLE_OBJC_ARC = YES;
				CLANG_WARN_BOOL_CONVERSION = YES;
				CLANG_WARN_CONSTANT_CONVERSION = YES;
				CLANG_WARN_DIRECT_OBJC_ISA_USAGE = YES_ERROR;
				CLANG_WARN_EMPTY_BODY = YES;
				CLANG_WARN_ENUM_CONVERSION = YES;
				CLANG_WARN_INT_CONVERSION = YES;
				CLANG_WARN_OBJC_ROOT_CLASS = YES_ERROR;
				CLANG_WARN_UNREACHABLE_CODE = YES;
				CLANG_WARN__DUPLICATE_METHOD_MATCH = YES;
				"CODE_SIGN_IDENTITY[sdk=iphoneos*]" = "iPhone Developer";
				COPY_PHASE_STRIP = NO;
				DEBUG_INFORMATION_FORMAT = dwarf;
				ENABLE_STRICT_OBJC_MSGSEND = YES;
				ENABLE_TESTABILITY = YES;
				GCC_C_LANGUAGE_STANDARD = gnu99;
				GCC_DYNAMIC_NO_PIC = NO;
				GCC_NO_COMMON_BLOCKS = YES;
				GCC_OPTIMIZATION_LEVEL = 0;
				GCC_PREPROCESSOR_DEFINITIONS = (
					"DEBUG=1",
					"$(inherited)",
				);
				GCC_WARN_64_TO_32_BIT_CONVERSION = YES;
				GCC_WARN_ABOUT_RETURN_TYPE = YES_ERROR;
				GCC_WARN_UNDECLARED_SELECTOR = YES;
				GCC_WARN_UNINITIALIZED_AUTOS = YES_AGGRESSIVE;
				GCC_WARN_UNUSED_FUNCTION = YES;
				GCC_WARN_UNUSED_VARIABLE = YES;
				IPHONEOS_DEPLOYMENT_TARGET = 9.3;
				MTL_ENABLE_DEBUG_INFO = YES;
				ONLY_ACTIVE_ARCH = YES;
				SDKROOT = iphoneos;
				SWIFT_OPTIMIZATION_LEVEL = "-Onone";
				TARGETED_DEVICE_FAMILY = "1,2";
			};
			name = Debug;
		};
		2A879BCE1F1D48D0000468D1 /* Release */ = {
			isa = XCBuildConfiguration;
			buildSettings = {
				ALWAYS_SEARCH_USER_PATHS = NO;
				CLANG_ANALYZER_NONNULL = YES;
				CLANG_CXX_LANGUAGE_STANDARD = "gnu++0x";
				CLANG_CXX_LIBRARY = "libc++";
				CLANG_ENABLE_MODULES = YES;
				CLANG_ENABLE_OBJC_ARC = YES;
				CLANG_WARN_BOOL_CONVERSION = YES;
				CLANG_WARN_CONSTANT_CONVERSION = YES;
				CLANG_WARN_DIRECT_OBJC_ISA_USAGE = YES_ERROR;
				CLANG_WARN_EMPTY_BODY = YES;
				CLANG_WARN_ENUM_CONVERSION = YES;
				CLANG_WARN_INT_CONVERSION = YES;
				CLANG_WARN_OBJC_ROOT_CLASS = YES_ERROR;
				CLANG_WARN_UNREACHABLE_CODE = YES;
				CLANG_WARN__DUPLICATE_METHOD_MATCH = YES;
				"CODE_SIGN_IDENTITY[sdk=iphoneos*]" = "iPhone Developer";
				COPY_PHASE_STRIP = NO;
				DEBUG_INFORMATION_FORMAT = "dwarf-with-dsym";
				ENABLE_NS_ASSERTIONS = NO;
				ENABLE_STRICT_OBJC_MSGSEND = YES;
				GCC_C_LANGUAGE_STANDARD = gnu99;
				GCC_NO_COMMON_BLOCKS = YES;
				GCC_WARN_64_TO_32_BIT_CONVERSION = YES;
				GCC_WARN_ABOUT_RETURN_TYPE = YES_ERROR;
				GCC_WARN_UNDECLARED_SELECTOR = YES;
				GCC_WARN_UNINITIALIZED_AUTOS = YES_AGGRESSIVE;
				GCC_WARN_UNUSED_FUNCTION = YES;
				GCC_WARN_UNUSED_VARIABLE = YES;
				IPHONEOS_DEPLOYMENT_TARGET = 9.3;
				MTL_ENABLE_DEBUG_INFO = NO;
				SDKROOT = iphoneos;
				TARGETED_DEVICE_FAMILY = "1,2";
				VALIDATE_PRODUCT = YES;
			};
			name = Release;
		};
		2A879BD01F1D48D0000468D1 /* Debug */ = {
			isa = XCBuildConfiguration;
			buildSettings = {
				ASSETCATALOG_COMPILER_APPICON_NAME = AppIcon;
				INFOPLIST_FILE = SoccerSquad/Info.plist;
				LD_RUNPATH_SEARCH_PATHS = "$(inherited) @executable_path/Frameworks";
				PRODUCT_BUNDLE_IDENTIFIER = com.msu.SoccerSquad;
				PRODUCT_NAME = "$(TARGET_NAME)";
			};
			name = Debug;
		};
		2A879BD11F1D48D0000468D1 /* Release */ = {
			isa = XCBuildConfiguration;
			buildSettings = {
				ASSETCATALOG_COMPILER_APPICON_NAME = AppIcon;
				INFOPLIST_FILE = SoccerSquad/Info.plist;
				LD_RUNPATH_SEARCH_PATHS = "$(inherited) @executable_path/Frameworks";
				PRODUCT_BUNDLE_IDENTIFIER = com.msu.SoccerSquad;
				PRODUCT_NAME = "$(TARGET_NAME)";
			};
			name = Release;
		};
/* End XCBuildConfiguration section */

/* Begin XCConfigurationList section */
		2A879BB81F1D48D0000468D1 /* Build configuration list for PBXProject "SoccerSquad" */ = {
			isa = XCConfigurationList;
			buildConfigurations = (
				2A879BCD1F1D48D0000468D1 /* Debug */,
				2A879BCE1F1D48D0000468D1 /* Release */,
			);
			defaultConfigurationIsVisible = 0;
			defaultConfigurationName = Release;
		};
		2A879BCF1F1D48D0000468D1 /* Build configuration list for PBXNativeTarget "SoccerSquad" */ = {
			isa = XCConfigurationList;
			buildConfigurations = (
				2A879BD01F1D48D0000468D1 /* Debug */,
				2A879BD11F1D48D0000468D1 /* Release */,
			);
			defaultConfigurationIsVisible = 0;
		};
/* End XCConfigurationList section */
	};
	rootObject = 2A879BB51F1D48D0000468D1 /* Project object */;
}
